// !$*UTF8*$!
{
	archiveVersion = 1;
	classes = {
	};
	objectVersion = 51;
	objects = {

/* Begin PBXBuildFile section */
		942B830268D48139BE7B80A2 /* Pods_MOIA_Maps.framework in Frameworks */ = {isa = PBXBuildFile; fileRef = 01BD30F3B5CDEA4287057817 /* Pods_MOIA_Maps.framework */; };
		BC2F48BD2699B4B1004235A4 /* AppDelegate.swift in Sources */ = {isa = PBXBuildFile; fileRef = BC2F48BC2699B4B1004235A4 /* AppDelegate.swift */; };
		BC2F48BF2699B4B1004235A4 /* SceneDelegate.swift in Sources */ = {isa = PBXBuildFile; fileRef = BC2F48BE2699B4B1004235A4 /* SceneDelegate.swift */; };
		BC2F48C12699B4B1004235A4 /* MapViewController.swift in Sources */ = {isa = PBXBuildFile; fileRef = BC2F48C02699B4B1004235A4 /* MapViewController.swift */; };
		BC2F48C42699B4B1004235A4 /* Main.storyboard in Resources */ = {isa = PBXBuildFile; fileRef = BC2F48C22699B4B1004235A4 /* Main.storyboard */; };
		BC2F48C92699B4B4004235A4 /* LaunchScreen.storyboard in Resources */ = {isa = PBXBuildFile; fileRef = BC2F48C72699B4B4004235A4 /* LaunchScreen.storyboard */; };
		BC2F48DC2699C088004235A4 /* Assets.xcassets in Resources */ = {isa = PBXBuildFile; fileRef = BC2F48DB2699C088004235A4 /* Assets.xcassets */; };
		BC2F48DE2699ED7A004235A4 /* MapModelController.swift in Sources */ = {isa = PBXBuildFile; fileRef = BC2F48DD2699ED7A004235A4 /* MapModelController.swift */; };
		BC2F48E02699EE10004235A4 /* MarkedLocation.swift in Sources */ = {isa = PBXBuildFile; fileRef = BC2F48DF2699EE10004235A4 /* MarkedLocation.swift */; };
		BC2F48E42699F03A004235A4 /* NetworkManager.swift in Sources */ = {isa = PBXBuildFile; fileRef = BC2F48E32699F03A004235A4 /* NetworkManager.swift */; };
		BC2F48E62699F143004235A4 /* AppURL.swift in Sources */ = {isa = PBXBuildFile; fileRef = BC2F48E52699F143004235A4 /* AppURL.swift */; };
		BC2F48E8269A02DA004235A4 /* ApiResponses.swift in Sources */ = {isa = PBXBuildFile; fileRef = BC2F48E7269A02DA004235A4 /* ApiResponses.swift */; };
		BC2F48EA269A5006004235A4 /* DetailViewController.swift in Sources */ = {isa = PBXBuildFile; fileRef = BC2F48E9269A5006004235A4 /* DetailViewController.swift */; };
/* End PBXBuildFile section */

/* Begin PBXFileReference section */
		01BD30F3B5CDEA4287057817 /* Pods_MOIA_Maps.framework */ = {isa = PBXFileReference; explicitFileType = wrapper.framework; includeInIndex = 0; path = Pods_MOIA_Maps.framework; sourceTree = BUILT_PRODUCTS_DIR; };
		2A4A93228AD184BC63A60BFB /* Pods-MOIA-Maps.release.xcconfig */ = {isa = PBXFileReference; includeInIndex = 1; lastKnownFileType = text.xcconfig; name = "Pods-MOIA-Maps.release.xcconfig"; path = "Target Support Files/Pods-MOIA-Maps/Pods-MOIA-Maps.release.xcconfig"; sourceTree = "<group>"; };
		2F5A35C4705A8887F7685E0D /* Pods-MOIA-Maps.debug.xcconfig */ = {isa = PBXFileReference; includeInIndex = 1; lastKnownFileType = text.xcconfig; name = "Pods-MOIA-Maps.debug.xcconfig"; path = "Target Support Files/Pods-MOIA-Maps/Pods-MOIA-Maps.debug.xcconfig"; sourceTree = "<group>"; };
		BC2F48B92699B4B1004235A4 /* MOIA-Maps.app */ = {isa = PBXFileReference; explicitFileType = wrapper.application; includeInIndex = 0; path = "MOIA-Maps.app"; sourceTree = BUILT_PRODUCTS_DIR; };
		BC2F48BC2699B4B1004235A4 /* AppDelegate.swift */ = {isa = PBXFileReference; lastKnownFileType = sourcecode.swift; path = AppDelegate.swift; sourceTree = "<group>"; };
		BC2F48BE2699B4B1004235A4 /* SceneDelegate.swift */ = {isa = PBXFileReference; lastKnownFileType = sourcecode.swift; path = SceneDelegate.swift; sourceTree = "<group>"; };
		BC2F48C02699B4B1004235A4 /* MapViewController.swift */ = {isa = PBXFileReference; lastKnownFileType = sourcecode.swift; path = MapViewController.swift; sourceTree = "<group>"; };
		BC2F48C32699B4B1004235A4 /* Base */ = {isa = PBXFileReference; lastKnownFileType = file.storyboard; name = Base; path = Base.lproj/Main.storyboard; sourceTree = "<group>"; };
		BC2F48C82699B4B4004235A4 /* Base */ = {isa = PBXFileReference; lastKnownFileType = file.storyboard; name = Base; path = Base.lproj/LaunchScreen.storyboard; sourceTree = "<group>"; };
		BC2F48CA2699B4B4004235A4 /* Info.plist */ = {isa = PBXFileReference; lastKnownFileType = text.plist.xml; path = Info.plist; sourceTree = "<group>"; };
		BC2F48DB2699C088004235A4 /* Assets.xcassets */ = {isa = PBXFileReference; lastKnownFileType = folder.assetcatalog; path = Assets.xcassets; sourceTree = "<group>"; };
		BC2F48DD2699ED7A004235A4 /* MapModelController.swift */ = {isa = PBXFileReference; lastKnownFileType = sourcecode.swift; path = MapModelController.swift; sourceTree = "<group>"; };
		BC2F48DF2699EE10004235A4 /* MarkedLocation.swift */ = {isa = PBXFileReference; lastKnownFileType = sourcecode.swift; path = MarkedLocation.swift; sourceTree = "<group>"; };
		BC2F48E32699F03A004235A4 /* NetworkManager.swift */ = {isa = PBXFileReference; lastKnownFileType = sourcecode.swift; path = NetworkManager.swift; sourceTree = "<group>"; };
		BC2F48E52699F143004235A4 /* AppURL.swift */ = {isa = PBXFileReference; lastKnownFileType = sourcecode.swift; path = AppURL.swift; sourceTree = "<group>"; };
		BC2F48E7269A02DA004235A4 /* ApiResponses.swift */ = {isa = PBXFileReference; lastKnownFileType = sourcecode.swift; path = ApiResponses.swift; sourceTree = "<group>"; };
		BC2F48E9269A5006004235A4 /* DetailViewController.swift */ = {isa = PBXFileReference; lastKnownFileType = sourcecode.swift; path = DetailViewController.swift; sourceTree = "<group>"; };
/* End PBXFileReference section */

/* Begin PBXFrameworksBuildPhase section */
		BC2F48B62699B4B0004235A4 /* Frameworks */ = {
			isa = PBXFrameworksBuildPhase;
			buildActionMask = 2147483647;
			files = (
				942B830268D48139BE7B80A2 /* Pods_MOIA_Maps.framework in Frameworks */,
			);
			runOnlyForDeploymentPostprocessing = 0;
		};
/* End PBXFrameworksBuildPhase section */

/* Begin PBXGroup section */
		7CAF96D194D051C3169E54AA /* Pods */ = {
			isa = PBXGroup;
			children = (
				2F5A35C4705A8887F7685E0D /* Pods-MOIA-Maps.debug.xcconfig */,
				2A4A93228AD184BC63A60BFB /* Pods-MOIA-Maps.release.xcconfig */,
			);
			path = Pods;
			sourceTree = "<group>";
		};
		BC2F48B02699B4B0004235A4 = {
			isa = PBXGroup;
			children = (
				BC2F48BB2699B4B1004235A4 /* MOIA-Maps */,
				BC2F48BA2699B4B1004235A4 /* Products */,
				7CAF96D194D051C3169E54AA /* Pods */,
				C489D539EF97321668636274 /* Frameworks */,
			);
			sourceTree = "<group>";
		};
		BC2F48BA2699B4B1004235A4 /* Products */ = {
			isa = PBXGroup;
			children = (
				BC2F48B92699B4B1004235A4 /* MOIA-Maps.app */,
			);
			name = Products;
			sourceTree = "<group>";
		};
		BC2F48BB2699B4B1004235A4 /* MOIA-Maps */ = {
			isa = PBXGroup;
			children = (
				BC2F48DA2699BFB5004235A4 /* Support */,
				BC2F48D02699BF44004235A4 /* Presentation */,
				BC2F48D12699BF4D004235A4 /* Main */,
				BC2F48CA2699B4B4004235A4 /* Info.plist */,
				BC2F48DB2699C088004235A4 /* Assets.xcassets */,
			);
			path = "MOIA-Maps";
			sourceTree = "<group>";
		};
		BC2F48D02699BF44004235A4 /* Presentation */ = {
			isa = PBXGroup;
			children = (
				BC2F48D42699BF75004235A4 /* Extensions */,
				BC2F48D92699BFA4004235A4 /* Protocols */,
				BC2F48D82699BFA0004235A4 /* Cells */,
				BC2F48D72699BF9A004235A4 /* Storyboards */,
				BC2F48D62699BF90004235A4 /* Model Controllers */,
				BC2F48D52699BF87004235A4 /* View Controllers */,
			);
			path = Presentation;
			sourceTree = "<group>";
		};
		BC2F48D12699BF4D004235A4 /* Main */ = {
			isa = PBXGroup;
			children = (
				BC2F48D22699BF60004235A4 /* Objects */,
				BC2F48D32699BF64004235A4 /* Networking */,
			);
			path = Main;
			sourceTree = "<group>";
		};
		BC2F48D22699BF60004235A4 /* Objects */ = {
			isa = PBXGroup;
			children = (
				BC2F48DF2699EE10004235A4 /* MarkedLocation.swift */,
			);
			path = Objects;
			sourceTree = "<group>";
		};
		BC2F48D32699BF64004235A4 /* Networking */ = {
			isa = PBXGroup;
			children = (
				BC2F48E22699F023004235A4 /* Objects */,
				BC2F48E12699F01B004235A4 /* Support */,
				BC2F48E32699F03A004235A4 /* NetworkManager.swift */,
			);
			path = Networking;
			sourceTree = "<group>";
		};
		BC2F48D42699BF75004235A4 /* Extensions */ = {
			isa = PBXGroup;
			children = (
			);
			path = Extensions;
			sourceTree = "<group>";
		};
		BC2F48D52699BF87004235A4 /* View Controllers */ = {
			isa = PBXGroup;
			children = (
				BC2F48C02699B4B1004235A4 /* MapViewController.swift */,
				BC2F48E9269A5006004235A4 /* DetailViewController.swift */,
			);
			path = "View Controllers";
			sourceTree = "<group>";
		};
		BC2F48D62699BF90004235A4 /* Model Controllers */ = {
			isa = PBXGroup;
			children = (
				BC2F48DD2699ED7A004235A4 /* MapModelController.swift */,
			);
			path = "Model Controllers";
			sourceTree = "<group>";
		};
		BC2F48D72699BF9A004235A4 /* Storyboards */ = {
			isa = PBXGroup;
			children = (
				BC2F48C22699B4B1004235A4 /* Main.storyboard */,
				BC2F48C72699B4B4004235A4 /* LaunchScreen.storyboard */,
			);
			path = Storyboards;
			sourceTree = "<group>";
		};
		BC2F48D82699BFA0004235A4 /* Cells */ = {
			isa = PBXGroup;
			children = (
			);
			path = Cells;
			sourceTree = "<group>";
		};
		BC2F48D92699BFA4004235A4 /* Protocols */ = {
			isa = PBXGroup;
			children = (
			);
			path = Protocols;
			sourceTree = "<group>";
		};
		BC2F48DA2699BFB5004235A4 /* Support */ = {
			isa = PBXGroup;
			children = (
				BC2F48BC2699B4B1004235A4 /* AppDelegate.swift */,
				BC2F48BE2699B4B1004235A4 /* SceneDelegate.swift */,
			);
			path = Support;
			sourceTree = "<group>";
		};
		BC2F48E12699F01B004235A4 /* Support */ = {
			isa = PBXGroup;
			children = (
				BC2F48E52699F143004235A4 /* AppURL.swift */,
			);
			path = Support;
			sourceTree = "<group>";
		};
		BC2F48E22699F023004235A4 /* Objects */ = {
			isa = PBXGroup;
			children = (
				BC2F48E7269A02DA004235A4 /* ApiResponses.swift */,
			);
			path = Objects;
			sourceTree = "<group>";
		};
		C489D539EF97321668636274 /* Frameworks */ = {
			isa = PBXGroup;
			children = (
				01BD30F3B5CDEA4287057817 /* Pods_MOIA_Maps.framework */,
			);
			name = Frameworks;
			sourceTree = "<group>";
		};
/* End PBXGroup section */

/* Begin PBXNativeTarget section */
		BC2F48B82699B4B0004235A4 /* MOIA-Maps */ = {
			isa = PBXNativeTarget;
			buildConfigurationList = BC2F48CD2699B4B4004235A4 /* Build configuration list for PBXNativeTarget "MOIA-Maps" */;
			buildPhases = (
				E5D21B94D364F2F6DA9D1DA1 /* [CP] Check Pods Manifest.lock */,
				BC2F48B52699B4B0004235A4 /* Sources */,
				BC2F48B62699B4B0004235A4 /* Frameworks */,
				BC2F48B72699B4B0004235A4 /* Resources */,
				AEB9110796FDA9E5F5AE6FC2 /* [CP] Copy Pods Resources */,
			);
			buildRules = (
			);
			dependencies = (
			);
			name = "MOIA-Maps";
			productName = "MOIA-Maps";
			productReference = BC2F48B92699B4B1004235A4 /* MOIA-Maps.app */;
			productType = "com.apple.product-type.application";
		};
/* End PBXNativeTarget section */

/* Begin PBXProject section */
		BC2F48B12699B4B0004235A4 /* Project object */ = {
			isa = PBXProject;
			attributes = {
				LastSwiftUpdateCheck = 1250;
				LastUpgradeCheck = 1250;
				TargetAttributes = {
					BC2F48B82699B4B0004235A4 = {
						CreatedOnToolsVersion = 12.5.1;
					};
				};
			};
			buildConfigurationList = BC2F48B42699B4B0004235A4 /* Build configuration list for PBXProject "MOIA-Maps" */;
			compatibilityVersion = "Xcode 9.3";
			developmentRegion = en;
			hasScannedForEncodings = 0;
			knownRegions = (
				en,
				Base,
			);
			mainGroup = BC2F48B02699B4B0004235A4;
			productRefGroup = BC2F48BA2699B4B1004235A4 /* Products */;
			projectDirPath = "";
			projectRoot = "";
			targets = (
				BC2F48B82699B4B0004235A4 /* MOIA-Maps */,
			);
		};
/* End PBXProject section */

/* Begin PBXResourcesBuildPhase section */
		BC2F48B72699B4B0004235A4 /* Resources */ = {
			isa = PBXResourcesBuildPhase;
			buildActionMask = 2147483647;
			files = (
				BC2F48C92699B4B4004235A4 /* LaunchScreen.storyboard in Resources */,
				BC2F48DC2699C088004235A4 /* Assets.xcassets in Resources */,
				BC2F48C42699B4B1004235A4 /* Main.storyboard in Resources */,
			);
			runOnlyForDeploymentPostprocessing = 0;
		};
/* End PBXResourcesBuildPhase section */

/* Begin PBXShellScriptBuildPhase section */
		AEB9110796FDA9E5F5AE6FC2 /* [CP] Copy Pods Resources */ = {
			isa = PBXShellScriptBuildPhase;
			buildActionMask = 2147483647;
			files = (
			);
			inputFileListPaths = (
				"${PODS_ROOT}/Target Support Files/Pods-MOIA-Maps/Pods-MOIA-Maps-resources-${CONFIGURATION}-input-files.xcfilelist",
			);
			name = "[CP] Copy Pods Resources";
			outputFileListPaths = (
				"${PODS_ROOT}/Target Support Files/Pods-MOIA-Maps/Pods-MOIA-Maps-resources-${CONFIGURATION}-output-files.xcfilelist",
			);
			runOnlyForDeploymentPostprocessing = 0;
			shellPath = /bin/sh;
			shellScript = "\"${PODS_ROOT}/Target Support Files/Pods-MOIA-Maps/Pods-MOIA-Maps-resources.sh\"\n";
			showEnvVarsInLog = 0;
		};
		E5D21B94D364F2F6DA9D1DA1 /* [CP] Check Pods Manifest.lock */ = {
			isa = PBXShellScriptBuildPhase;
			buildActionMask = 2147483647;
			files = (
			);
			inputFileListPaths = (
			);
			inputPaths = (
				"${PODS_PODFILE_DIR_PATH}/Podfile.lock",
				"${PODS_ROOT}/Manifest.lock",
			);
			name = "[CP] Check Pods Manifest.lock";
			outputFileListPaths = (
			);
			outputPaths = (
				"$(DERIVED_FILE_DIR)/Pods-MOIA-Maps-checkManifestLockResult.txt",
			);
			runOnlyForDeploymentPostprocessing = 0;
			shellPath = /bin/sh;
			shellScript = "diff \"${PODS_PODFILE_DIR_PATH}/Podfile.lock\" \"${PODS_ROOT}/Manifest.lock\" > /dev/null\nif [ $? != 0 ] ; then\n    # print error to STDERR\n    echo \"error: The sandbox is not in sync with the Podfile.lock. Run 'pod install' or update your CocoaPods installation.\" >&2\n    exit 1\nfi\n# This output is used by Xcode 'outputs' to avoid re-running this script phase.\necho \"SUCCESS\" > \"${SCRIPT_OUTPUT_FILE_0}\"\n";
			showEnvVarsInLog = 0;
		};
/* End PBXShellScriptBuildPhase section */

/* Begin PBXSourcesBuildPhase section */
		BC2F48B52699B4B0004235A4 /* Sources */ = {
			isa = PBXSourcesBuildPhase;
			buildActionMask = 2147483647;
			files = (
				BC2F48EA269A5006004235A4 /* DetailViewController.swift in Sources */,
				BC2F48E42699F03A004235A4 /* NetworkManager.swift in Sources */,
				BC2F48E8269A02DA004235A4 /* ApiResponses.swift in Sources */,
				BC2F48C12699B4B1004235A4 /* MapViewController.swift in Sources */,
				BC2F48E62699F143004235A4 /* AppURL.swift in Sources */,
				BC2F48BD2699B4B1004235A4 /* AppDelegate.swift in Sources */,
				BC2F48DE2699ED7A004235A4 /* MapModelController.swift in Sources */,
				BC2F48BF2699B4B1004235A4 /* SceneDelegate.swift in Sources */,
				BC2F48E02699EE10004235A4 /* MarkedLocation.swift in Sources */,
			);
			runOnlyForDeploymentPostprocessing = 0;
		};
/* End PBXSourcesBuildPhase section */

/* Begin PBXVariantGroup section */
		BC2F48C22699B4B1004235A4 /* Main.storyboard */ = {
			isa = PBXVariantGroup;
			children = (
				BC2F48C32699B4B1004235A4 /* Base */,
			);
			name = Main.storyboard;
			sourceTree = "<group>";
		};
		BC2F48C72699B4B4004235A4 /* LaunchScreen.storyboard */ = {
			isa = PBXVariantGroup;
			children = (
				BC2F48C82699B4B4004235A4 /* Base */,
			);
			name = LaunchScreen.storyboard;
			sourceTree = "<group>";
		};
/* End PBXVariantGroup section */

/* Begin XCBuildConfiguration section */
		BC2F48CB2699B4B4004235A4 /* Debug */ = {
			isa = XCBuildConfiguration;
			buildSettings = {
				ALWAYS_SEARCH_USER_PATHS = NO;
				CLANG_ANALYZER_NONNULL = YES;
				CLANG_ANALYZER_NUMBER_OBJECT_CONVERSION = YES_AGGRESSIVE;
				CLANG_CXX_LANGUAGE_STANDARD = "gnu++14";
				CLANG_CXX_LIBRARY = "libc++";
				CLANG_ENABLE_MODULES = YES;
				CLANG_ENABLE_OBJC_ARC = YES;
				CLANG_ENABLE_OBJC_WEAK = YES;
				CLANG_WARN_BLOCK_CAPTURE_AUTORELEASING = YES;
				CLANG_WARN_BOOL_CONVERSION = YES;
				CLANG_WARN_COMMA = YES;
				CLANG_WARN_CONSTANT_CONVERSION = YES;
				CLANG_WARN_DEPRECATED_OBJC_IMPLEMENTATIONS = YES;
				CLANG_WARN_DIRECT_OBJC_ISA_USAGE = YES_ERROR;
				CLANG_WARN_DOCUMENTATION_COMMENTS = YES;
				CLANG_WARN_EMPTY_BODY = YES;
				CLANG_WARN_ENUM_CONVERSION = YES;
				CLANG_WARN_INFINITE_RECURSION = YES;
				CLANG_WARN_INT_CONVERSION = YES;
				CLANG_WARN_NON_LITERAL_NULL_CONVERSION = YES;
				CLANG_WARN_OBJC_IMPLICIT_RETAIN_SELF = YES;
				CLANG_WARN_OBJC_LITERAL_CONVERSION = YES;
				CLANG_WARN_OBJC_ROOT_CLASS = YES_ERROR;
				CLANG_WARN_QUOTED_INCLUDE_IN_FRAMEWORK_HEADER = YES;
				CLANG_WARN_RANGE_LOOP_ANALYSIS = YES;
				CLANG_WARN_STRICT_PROTOTYPES = YES;
				CLANG_WARN_SUSPICIOUS_MOVE = YES;
				CLANG_WARN_UNGUARDED_AVAILABILITY = YES_AGGRESSIVE;
				CLANG_WARN_UNREACHABLE_CODE = YES;
				CLANG_WARN__DUPLICATE_METHOD_MATCH = YES;
				COPY_PHASE_STRIP = NO;
				DEBUG_INFORMATION_FORMAT = dwarf;
				ENABLE_STRICT_OBJC_MSGSEND = YES;
				ENABLE_TESTABILITY = YES;
				GCC_C_LANGUAGE_STANDARD = gnu11;
				GCC_DYNAMIC_NO_PIC = NO;
				GCC_NO_COMMON_BLOCKS = YES;
				GCC_OPTIMIZATION_LEVEL = 0;
				GCC_PREPROCESSOR_DEFINITIONS = (
					"DEBUG=1",
					"$(inherited)",
				);
				GCC_WARN_64_TO_32_BIT_CONVERSION = YES;
				GCC_WARN_ABOUT_RETURN_TYPE = YES_ERROR;
				GCC_WARN_UNDECLARED_SELECTOR = YES;
				GCC_WARN_UNINITIALIZED_AUTOS = YES_AGGRESSIVE;
				GCC_WARN_UNUSED_FUNCTION = YES;
				GCC_WARN_UNUSED_VARIABLE = YES;
				IPHONEOS_DEPLOYMENT_TARGET = 14.5;
				MTL_ENABLE_DEBUG_INFO = INCLUDE_SOURCE;
				MTL_FAST_MATH = YES;
				ONLY_ACTIVE_ARCH = YES;
				SDKROOT = iphoneos;
				SWIFT_ACTIVE_COMPILATION_CONDITIONS = DEBUG;
				SWIFT_OPTIMIZATION_LEVEL = "-Onone";
			};
			name = Debug;
		};
		BC2F48CC2699B4B4004235A4 /* Release */ = {
			isa = XCBuildConfiguration;
			buildSettings = {
				ALWAYS_SEARCH_USER_PATHS = NO;
				CLANG_ANALYZER_NONNULL = YES;
				CLANG_ANALYZER_NUMBER_OBJECT_CONVERSION = YES_AGGRESSIVE;
				CLANG_CXX_LANGUAGE_STANDARD = "gnu++14";
				CLANG_CXX_LIBRARY = "libc++";
				CLANG_ENABLE_MODULES = YES;
				CLANG_ENABLE_OBJC_ARC = YES;
				CLANG_ENABLE_OBJC_WEAK = YES;
				CLANG_WARN_BLOCK_CAPTURE_AUTORELEASING = YES;
				CLANG_WARN_BOOL_CONVERSION = YES;
				CLANG_WARN_COMMA = YES;
				CLANG_WARN_CONSTANT_CONVERSION = YES;
				CLANG_WARN_DEPRECATED_OBJC_IMPLEMENTATIONS = YES;
				CLANG_WARN_DIRECT_OBJC_ISA_USAGE = YES_ERROR;
				CLANG_WARN_DOCUMENTATION_COMMENTS = YES;
				CLANG_WARN_EMPTY_BODY = YES;
				CLANG_WARN_ENUM_CONVERSION = YES;
				CLANG_WARN_INFINITE_RECURSION = YES;
				CLANG_WARN_INT_CONVERSION = YES;
				CLANG_WARN_NON_LITERAL_NULL_CONVERSION = YES;
				CLANG_WARN_OBJC_IMPLICIT_RETAIN_SELF = YES;
				CLANG_WARN_OBJC_LITERAL_CONVERSION = YES;
				CLANG_WARN_OBJC_ROOT_CLASS = YES_ERROR;
				CLANG_WARN_QUOTED_INCLUDE_IN_FRAMEWORK_HEADER = YES;
				CLANG_WARN_RANGE_LOOP_ANALYSIS = YES;
				CLANG_WARN_STRICT_PROTOTYPES = YES;
				CLANG_WARN_SUSPICIOUS_MOVE = YES;
				CLANG_WARN_UNGUARDED_AVAILABILITY = YES_AGGRESSIVE;
				CLANG_WARN_UNREACHABLE_CODE = YES;
				CLANG_WARN__DUPLICATE_METHOD_MATCH = YES;
				COPY_PHASE_STRIP = NO;
				DEBUG_INFORMATION_FORMAT = "dwarf-with-dsym";
				ENABLE_NS_ASSERTIONS = NO;
				ENABLE_STRICT_OBJC_MSGSEND = YES;
				GCC_C_LANGUAGE_STANDARD = gnu11;
				GCC_NO_COMMON_BLOCKS = YES;
				GCC_WARN_64_TO_32_BIT_CONVERSION = YES;
				GCC_WARN_ABOUT_RETURN_TYPE = YES_ERROR;
				GCC_WARN_UNDECLARED_SELECTOR = YES;
				GCC_WARN_UNINITIALIZED_AUTOS = YES_AGGRESSIVE;
				GCC_WARN_UNUSED_FUNCTION = YES;
				GCC_WARN_UNUSED_VARIABLE = YES;
				IPHONEOS_DEPLOYMENT_TARGET = 14.5;
				MTL_ENABLE_DEBUG_INFO = NO;
				MTL_FAST_MATH = YES;
				SDKROOT = iphoneos;
				SWIFT_COMPILATION_MODE = wholemodule;
				SWIFT_OPTIMIZATION_LEVEL = "-O";
				VALIDATE_PRODUCT = YES;
			};
			name = Release;
		};
		BC2F48CE2699B4B4004235A4 /* Debug */ = {
			isa = XCBuildConfiguration;
			baseConfigurationReference = 2F5A35C4705A8887F7685E0D /* Pods-MOIA-Maps.debug.xcconfig */;
			buildSettings = {
				ASSETCATALOG_COMPILER_APPICON_NAME = AppIcon;
				ASSETCATALOG_COMPILER_GLOBAL_ACCENT_COLOR_NAME = AccentColor;
				CODE_SIGN_STYLE = Automatic;
				DEVELOPMENT_TEAM = YDQ2G3PC42;
				INFOPLIST_FILE = "MOIA-Maps/Info.plist";
				LD_RUNPATH_SEARCH_PATHS = (
					"$(inherited)",
					"@executable_path/Frameworks",
				);
				PRODUCT_BUNDLE_IDENTIFIER = "com.jebolivarh.MOIA-Maps";
				PRODUCT_NAME = "$(TARGET_NAME)";
				SWIFT_VERSION = 5.0;
				TARGETED_DEVICE_FAMILY = "1,2";
			};
			name = Debug;
		};
		BC2F48CF2699B4B4004235A4 /* Release */ = {
			isa = XCBuildConfiguration;
			baseConfigurationReference = 2A4A93228AD184BC63A60BFB /* Pods-MOIA-Maps.release.xcconfig */;
			buildSettings = {
				ASSETCATALOG_COMPILER_APPICON_NAME = AppIcon;
				ASSETCATALOG_COMPILER_GLOBAL_ACCENT_COLOR_NAME = AccentColor;
				CODE_SIGN_STYLE = Automatic;
				DEVELOPMENT_TEAM = YDQ2G3PC42;
				INFOPLIST_FILE = "MOIA-Maps/Info.plist";
				LD_RUNPATH_SEARCH_PATHS = (
					"$(inherited)",
					"@executable_path/Frameworks",
				);
				PRODUCT_BUNDLE_IDENTIFIER = "com.jebolivarh.MOIA-Maps";
				PRODUCT_NAME = "$(TARGET_NAME)";
				SWIFT_VERSION = 5.0;
				TARGETED_DEVICE_FAMILY = "1,2";
			};
			name = Release;
		};
/* End XCBuildConfiguration section */

/* Begin XCConfigurationList section */
		BC2F48B42699B4B0004235A4 /* Build configuration list for PBXProject "MOIA-Maps" */ = {
			isa = XCConfigurationList;
			buildConfigurations = (
				BC2F48CB2699B4B4004235A4 /* Debug */,
				BC2F48CC2699B4B4004235A4 /* Release */,
			);
			defaultConfigurationIsVisible = 0;
			defaultConfigurationName = Release;
		};
		BC2F48CD2699B4B4004235A4 /* Build configuration list for PBXNativeTarget "MOIA-Maps" */ = {
			isa = XCConfigurationList;
			buildConfigurations = (
				BC2F48CE2699B4B4004235A4 /* Debug */,
				BC2F48CF2699B4B4004235A4 /* Release */,
			);
			defaultConfigurationIsVisible = 0;
			defaultConfigurationName = Release;
		};
/* End XCConfigurationList section */
	};
	rootObject = BC2F48B12699B4B0004235A4 /* Project object */;
}
